// !$*UTF8*$!
{
	archiveVersion = 1;
	classes = {
	};
	objectVersion = 50;
	objects = {

/* Begin PBXBuildFile section */
		9E1F721520E976BD00CCA6DD /* Constants.swift in Sources */ = {isa = PBXBuildFile; fileRef = 9E1F721420E976BD00CCA6DD /* Constants.swift */; };
		9E1F721720E97AF700CCA6DD /* LoginVC.swift in Sources */ = {isa = PBXBuildFile; fileRef = 9E1F721620E97AF700CCA6DD /* LoginVC.swift */; };
		9E1F721920E97CDA00CCA6DD /* CreateAccountVC.swift in Sources */ = {isa = PBXBuildFile; fileRef = 9E1F721820E97CDA00CCA6DD /* CreateAccountVC.swift */; };
		9E3C22BF20DEC2E5009F1424 /* AppDelegate.swift in Sources */ = {isa = PBXBuildFile; fileRef = 9E3C22BE20DEC2E5009F1424 /* AppDelegate.swift */; };
		9E3C22C420DEC2E5009F1424 /* Main.storyboard in Resources */ = {isa = PBXBuildFile; fileRef = 9E3C22C220DEC2E5009F1424 /* Main.storyboard */; };
		9E3C22C620DEC2E7009F1424 /* Assets.xcassets in Resources */ = {isa = PBXBuildFile; fileRef = 9E3C22C520DEC2E7009F1424 /* Assets.xcassets */; };
		9E3C22C920DEC2E7009F1424 /* LaunchScreen.storyboard in Resources */ = {isa = PBXBuildFile; fileRef = 9E3C22C720DEC2E7009F1424 /* LaunchScreen.storyboard */; };
		9E3C22D420DF0E97009F1424 /* SWRevealViewController.m in Sources */ = {isa = PBXBuildFile; fileRef = 9E3C22D220DF0E97009F1424 /* SWRevealViewController.m */; };
		9E40D19E214E96A20076AE6A /* AuthService.swift in Sources */ = {isa = PBXBuildFile; fileRef = 9E40D19D214E96A20076AE6A /* AuthService.swift */; };
		9E5AC02A2150755700920FC4 /* CircleImage.swift in Sources */ = {isa = PBXBuildFile; fileRef = 9E5AC0292150755700920FC4 /* CircleImage.swift */; };
		9E7F8097215425FA002EC5BB /* ProfileVC.swift in Sources */ = {isa = PBXBuildFile; fileRef = 9E7F8095215425FA002EC5BB /* ProfileVC.swift */; };
		9E7F8098215425FA002EC5BB /* ProfileVC.xib in Resources */ = {isa = PBXBuildFile; fileRef = 9E7F8096215425FA002EC5BB /* ProfileVC.xib */; };
		9E7F809B21545427002EC5BB /* MessageService.swift in Sources */ = {isa = PBXBuildFile; fileRef = 9E7F809A21545427002EC5BB /* MessageService.swift */; };
		9E7F809D21545490002EC5BB /* Channel.swift in Sources */ = {isa = PBXBuildFile; fileRef = 9E7F809C21545490002EC5BB /* Channel.swift */; };
		9E7F809F215461AA002EC5BB /* ChannelCell.swift in Sources */ = {isa = PBXBuildFile; fileRef = 9E7F809E215461AA002EC5BB /* ChannelCell.swift */; };
		9E7F80A221546757002EC5BB /* AddChannelVC.swift in Sources */ = {isa = PBXBuildFile; fileRef = 9E7F80A021546757002EC5BB /* AddChannelVC.swift */; };
		9E7F80A321546757002EC5BB /* AddChannelVC.xib in Resources */ = {isa = PBXBuildFile; fileRef = 9E7F80A121546757002EC5BB /* AddChannelVC.xib */; };
		9EAB994B214F917600061506 /* RoundedButton.swift in Sources */ = {isa = PBXBuildFile; fileRef = 9EAB994A214F917600061506 /* RoundedButton.swift */; };
		9EAB994D2150529800061506 /* UserDataService.swift in Sources */ = {isa = PBXBuildFile; fileRef = 9EAB994C2150529800061506 /* UserDataService.swift */; };
		9EAB994F2150643600061506 /* AvatarPickerVC.swift in Sources */ = {isa = PBXBuildFile; fileRef = 9EAB994E2150643600061506 /* AvatarPickerVC.swift */; };
		9EAB99512150668C00061506 /* AvatarCell.swift in Sources */ = {isa = PBXBuildFile; fileRef = 9EAB99502150668C00061506 /* AvatarCell.swift */; };
		9EFE957420E9558F00B5E8CB /* ChatVC.swift in Sources */ = {isa = PBXBuildFile; fileRef = 9EFE957320E9558F00B5E8CB /* ChatVC.swift */; };
		9EFE957820E955BC00B5E8CB /* ChannelVC.swift in Sources */ = {isa = PBXBuildFile; fileRef = 9EFE957720E955BC00B5E8CB /* ChannelVC.swift */; };
		9EFE957A20E95B4100B5E8CB /* GradientView.swift in Sources */ = {isa = PBXBuildFile; fileRef = 9EFE957920E95B4100B5E8CB /* GradientView.swift */; };
		BBA2BBD535B81B784BB336D3 /* Pods_Smack.framework in Frameworks */ = {isa = PBXBuildFile; fileRef = 0124C2E4A4E319BC684FC522 /* Pods_Smack.framework */; };
/* End PBXBuildFile section */

/* Begin PBXFileReference section */
		0124C2E4A4E319BC684FC522 /* Pods_Smack.framework */ = {isa = PBXFileReference; explicitFileType = wrapper.framework; includeInIndex = 0; path = Pods_Smack.framework; sourceTree = BUILT_PRODUCTS_DIR; };
		03A0CB6A8C230A494EF0A6FF /* Pods-Smack.release.xcconfig */ = {isa = PBXFileReference; includeInIndex = 1; lastKnownFileType = text.xcconfig; name = "Pods-Smack.release.xcconfig"; path = "Pods/Target Support Files/Pods-Smack/Pods-Smack.release.xcconfig"; sourceTree = "<group>"; };
		90129EDE4FEC3C63BDBDDA52 /* Pods-Smack.debug.xcconfig */ = {isa = PBXFileReference; includeInIndex = 1; lastKnownFileType = text.xcconfig; name = "Pods-Smack.debug.xcconfig"; path = "Pods/Target Support Files/Pods-Smack/Pods-Smack.debug.xcconfig"; sourceTree = "<group>"; };
		9E1F721420E976BD00CCA6DD /* Constants.swift */ = {isa = PBXFileReference; lastKnownFileType = sourcecode.swift; path = Constants.swift; sourceTree = "<group>"; };
		9E1F721620E97AF700CCA6DD /* LoginVC.swift */ = {isa = PBXFileReference; lastKnownFileType = sourcecode.swift; path = LoginVC.swift; sourceTree = "<group>"; };
		9E1F721820E97CDA00CCA6DD /* CreateAccountVC.swift */ = {isa = PBXFileReference; lastKnownFileType = sourcecode.swift; path = CreateAccountVC.swift; sourceTree = "<group>"; };
		9E3C22BB20DEC2E5009F1424 /* Smack.app */ = {isa = PBXFileReference; explicitFileType = wrapper.application; includeInIndex = 0; path = Smack.app; sourceTree = BUILT_PRODUCTS_DIR; };
		9E3C22BE20DEC2E5009F1424 /* AppDelegate.swift */ = {isa = PBXFileReference; lastKnownFileType = sourcecode.swift; path = AppDelegate.swift; sourceTree = "<group>"; };
		9E3C22C320DEC2E5009F1424 /* Base */ = {isa = PBXFileReference; lastKnownFileType = file.storyboard; name = Base; path = Base.lproj/Main.storyboard; sourceTree = "<group>"; };
		9E3C22C520DEC2E7009F1424 /* Assets.xcassets */ = {isa = PBXFileReference; lastKnownFileType = folder.assetcatalog; path = Assets.xcassets; sourceTree = "<group>"; };
		9E3C22C820DEC2E7009F1424 /* Base */ = {isa = PBXFileReference; lastKnownFileType = file.storyboard; name = Base; path = Base.lproj/LaunchScreen.storyboard; sourceTree = "<group>"; };
		9E3C22CA20DEC2E7009F1424 /* Info.plist */ = {isa = PBXFileReference; lastKnownFileType = text.plist.xml; path = Info.plist; sourceTree = "<group>"; };
		9E3C22D120DF0E96009F1424 /* Smack-Bridging-Header.h */ = {isa = PBXFileReference; lastKnownFileType = sourcecode.c.h; path = "Smack-Bridging-Header.h"; sourceTree = "<group>"; };
		9E3C22D220DF0E97009F1424 /* SWRevealViewController.m */ = {isa = PBXFileReference; fileEncoding = 4; lastKnownFileType = sourcecode.c.objc; path = SWRevealViewController.m; sourceTree = "<group>"; };
		9E3C22D320DF0E97009F1424 /* SWRevealViewController.h */ = {isa = PBXFileReference; fileEncoding = 4; lastKnownFileType = sourcecode.c.h; path = SWRevealViewController.h; sourceTree = "<group>"; };
		9E40D19D214E96A20076AE6A /* AuthService.swift */ = {isa = PBXFileReference; lastKnownFileType = sourcecode.swift; path = AuthService.swift; sourceTree = "<group>"; };
		9E5AC0292150755700920FC4 /* CircleImage.swift */ = {isa = PBXFileReference; lastKnownFileType = sourcecode.swift; path = CircleImage.swift; sourceTree = "<group>"; };
		9E7F8095215425FA002EC5BB /* ProfileVC.swift */ = {isa = PBXFileReference; lastKnownFileType = sourcecode.swift; path = ProfileVC.swift; sourceTree = "<group>"; };
		9E7F8096215425FA002EC5BB /* ProfileVC.xib */ = {isa = PBXFileReference; lastKnownFileType = file.xib; path = ProfileVC.xib; sourceTree = "<group>"; };
		9E7F809A21545427002EC5BB /* MessageService.swift */ = {isa = PBXFileReference; lastKnownFileType = sourcecode.swift; path = MessageService.swift; sourceTree = "<group>"; };
		9E7F809C21545490002EC5BB /* Channel.swift */ = {isa = PBXFileReference; lastKnownFileType = sourcecode.swift; name = Channel.swift; path = Smack/Services/Channel.swift; sourceTree = SOURCE_ROOT; };
		9E7F809E215461AA002EC5BB /* ChannelCell.swift */ = {isa = PBXFileReference; lastKnownFileType = sourcecode.swift; path = ChannelCell.swift; sourceTree = "<group>"; };
		9E7F80A021546757002EC5BB /* AddChannelVC.swift */ = {isa = PBXFileReference; lastKnownFileType = sourcecode.swift; path = AddChannelVC.swift; sourceTree = "<group>"; };
		9E7F80A121546757002EC5BB /* AddChannelVC.xib */ = {isa = PBXFileReference; lastKnownFileType = file.xib; path = AddChannelVC.xib; sourceTree = "<group>"; };
		9EAB994A214F917600061506 /* RoundedButton.swift */ = {isa = PBXFileReference; lastKnownFileType = sourcecode.swift; path = RoundedButton.swift; sourceTree = "<group>"; };
		9EAB994C2150529800061506 /* UserDataService.swift */ = {isa = PBXFileReference; lastKnownFileType = sourcecode.swift; path = UserDataService.swift; sourceTree = "<group>"; };
		9EAB994E2150643600061506 /* AvatarPickerVC.swift */ = {isa = PBXFileReference; lastKnownFileType = sourcecode.swift; path = AvatarPickerVC.swift; sourceTree = "<group>"; };
		9EAB99502150668C00061506 /* AvatarCell.swift */ = {isa = PBXFileReference; lastKnownFileType = sourcecode.swift; path = AvatarCell.swift; sourceTree = "<group>"; };
		9EFE957320E9558F00B5E8CB /* ChatVC.swift */ = {isa = PBXFileReference; lastKnownFileType = sourcecode.swift; path = ChatVC.swift; sourceTree = "<group>"; };
		9EFE957720E955BC00B5E8CB /* ChannelVC.swift */ = {isa = PBXFileReference; lastKnownFileType = sourcecode.swift; path = ChannelVC.swift; sourceTree = "<group>"; };
		9EFE957920E95B4100B5E8CB /* GradientView.swift */ = {isa = PBXFileReference; lastKnownFileType = sourcecode.swift; path = GradientView.swift; sourceTree = "<group>"; };
/* End PBXFileReference section */

/* Begin PBXFrameworksBuildPhase section */
		9E3C22B820DEC2E5009F1424 /* Frameworks */ = {
			isa = PBXFrameworksBuildPhase;
			buildActionMask = 2147483647;
			files = (
				BBA2BBD535B81B784BB336D3 /* Pods_Smack.framework in Frameworks */,
			);
			runOnlyForDeploymentPostprocessing = 0;
		};
/* End PBXFrameworksBuildPhase section */

/* Begin PBXGroup section */
		44E7A08F699F183F41371581 /* Frameworks */ = {
			isa = PBXGroup;
			children = (
				0124C2E4A4E319BC684FC522 /* Pods_Smack.framework */,
			);
			name = Frameworks;
			sourceTree = "<group>";
		};
		6DFB4D4C238F2F7126F21975 /* Pods */ = {
			isa = PBXGroup;
			children = (
				90129EDE4FEC3C63BDBDDA52 /* Pods-Smack.debug.xcconfig */,
				03A0CB6A8C230A494EF0A6FF /* Pods-Smack.release.xcconfig */,
			);
			name = Pods;
			sourceTree = "<group>";
		};
		9E1F721320E9769000CCA6DD /* Utillities */ = {
			isa = PBXGroup;
			children = (
				9E1F721420E976BD00CCA6DD /* Constants.swift */,
			);
			path = Utillities;
			sourceTree = "<group>";
		};
		9E3C22B220DEC2E5009F1424 = {
			isa = PBXGroup;
			children = (
				9E3C22BD20DEC2E5009F1424 /* Smack */,
				9E3C22BC20DEC2E5009F1424 /* Products */,
				6DFB4D4C238F2F7126F21975 /* Pods */,
				44E7A08F699F183F41371581 /* Frameworks */,
			);
			sourceTree = "<group>";
		};
		9E3C22BC20DEC2E5009F1424 /* Products */ = {
			isa = PBXGroup;
			children = (
				9E3C22BB20DEC2E5009F1424 /* Smack.app */,
			);
			name = Products;
			sourceTree = "<group>";
		};
		9E3C22BD20DEC2E5009F1424 /* Smack */ = {
			isa = PBXGroup;
			children = (
				9E7F809921542603002EC5BB /* XIBs */,
				9E40D19C214E96750076AE6A /* Services */,
				9E1F721320E9769000CCA6DD /* Utillities */,
				9EFE957020E9551E00B5E8CB /* Model */,
				9EFE957120E9552600B5E8CB /* View */,
				9EFE957220E9552C00B5E8CB /* Controller */,
				9E3C22D020DF0E64009F1424 /* Supporting Files */,
				9E3C22BE20DEC2E5009F1424 /* AppDelegate.swift */,
				9E3C22C220DEC2E5009F1424 /* Main.storyboard */,
				9E3C22C520DEC2E7009F1424 /* Assets.xcassets */,
				9E3C22C720DEC2E7009F1424 /* LaunchScreen.storyboard */,
				9E3C22CA20DEC2E7009F1424 /* Info.plist */,
			);
			path = Smack;
			sourceTree = "<group>";
		};
		9E3C22D020DF0E64009F1424 /* Supporting Files */ = {
			isa = PBXGroup;
			children = (
				9E3C22D320DF0E97009F1424 /* SWRevealViewController.h */,
				9E3C22D220DF0E97009F1424 /* SWRevealViewController.m */,
				9E3C22D120DF0E96009F1424 /* Smack-Bridging-Header.h */,
			);
			path = "Supporting Files";
			sourceTree = "<group>";
		};
		9E40D19C214E96750076AE6A /* Services */ = {
			isa = PBXGroup;
			children = (
				9E40D19D214E96A20076AE6A /* AuthService.swift */,
				9EAB994C2150529800061506 /* UserDataService.swift */,
				9E7F809A21545427002EC5BB /* MessageService.swift */,
			);
			path = Services;
			sourceTree = "<group>";
		};
		9E7F809921542603002EC5BB /* XIBs */ = {
			isa = PBXGroup;
			children = (
				9E7F8096215425FA002EC5BB /* ProfileVC.xib */,
				9E7F80A121546757002EC5BB /* AddChannelVC.xib */,
			);
			path = XIBs;
			sourceTree = "<group>";
		};
		9EFE957020E9551E00B5E8CB /* Model */ = {
			isa = PBXGroup;
			children = (
				9E7F809C21545490002EC5BB /* Channel.swift */,
			);
			path = Model;
			sourceTree = "<group>";
		};
		9EFE957120E9552600B5E8CB /* View */ = {
			isa = PBXGroup;
			children = (
				9EFE957920E95B4100B5E8CB /* GradientView.swift */,
				9EAB994A214F917600061506 /* RoundedButton.swift */,
				9EAB99502150668C00061506 /* AvatarCell.swift */,
				9E5AC0292150755700920FC4 /* CircleImage.swift */,
				9E7F809E215461AA002EC5BB /* ChannelCell.swift */,
			);
			path = View;
			sourceTree = "<group>";
		};
		9EFE957220E9552C00B5E8CB /* Controller */ = {
			isa = PBXGroup;
			children = (
				9EFE957320E9558F00B5E8CB /* ChatVC.swift */,
				9EFE957720E955BC00B5E8CB /* ChannelVC.swift */,
				9E1F721620E97AF700CCA6DD /* LoginVC.swift */,
				9E1F721820E97CDA00CCA6DD /* CreateAccountVC.swift */,
				9EAB994E2150643600061506 /* AvatarPickerVC.swift */,
				9E7F8095215425FA002EC5BB /* ProfileVC.swift */,
				9E7F80A021546757002EC5BB /* AddChannelVC.swift */,
			);
			path = Controller;
			sourceTree = "<group>";
		};
/* End PBXGroup section */

/* Begin PBXNativeTarget section */
		9E3C22BA20DEC2E5009F1424 /* Smack */ = {
			isa = PBXNativeTarget;
			buildConfigurationList = 9E3C22CD20DEC2E7009F1424 /* Build configuration list for PBXNativeTarget "Smack" */;
			buildPhases = (
				A9A602FC985658C37DC422E0 /* [CP] Check Pods Manifest.lock */,
				9E3C22B720DEC2E5009F1424 /* Sources */,
				9E3C22B820DEC2E5009F1424 /* Frameworks */,
				9E3C22B920DEC2E5009F1424 /* Resources */,
				BC6EFEB9FD598EEB367AFAFE /* [CP] Embed Pods Frameworks */,
			);
			buildRules = (
			);
			dependencies = (
			);
			name = Smack;
			productName = Smack;
			productReference = 9E3C22BB20DEC2E5009F1424 /* Smack.app */;
			productType = "com.apple.product-type.application";
		};
/* End PBXNativeTarget section */

/* Begin PBXProject section */
		9E3C22B320DEC2E5009F1424 /* Project object */ = {
			isa = PBXProject;
			attributes = {
				LastSwiftUpdateCheck = 0940;
				LastUpgradeCheck = 0940;
				ORGANIZATIONNAME = "Владислав Цветков";
				TargetAttributes = {
					9E3C22BA20DEC2E5009F1424 = {
						CreatedOnToolsVersion = 9.4.1;
						LastSwiftMigration = 0940;
					};
				};
			};
			buildConfigurationList = 9E3C22B620DEC2E5009F1424 /* Build configuration list for PBXProject "Smack" */;
			compatibilityVersion = "Xcode 9.3";
			developmentRegion = en;
			hasScannedForEncodings = 0;
			knownRegions = (
				en,
				Base,
			);
			mainGroup = 9E3C22B220DEC2E5009F1424;
			productRefGroup = 9E3C22BC20DEC2E5009F1424 /* Products */;
			projectDirPath = "";
			projectRoot = "";
			targets = (
				9E3C22BA20DEC2E5009F1424 /* Smack */,
			);
		};
/* End PBXProject section */

/* Begin PBXResourcesBuildPhase section */
		9E3C22B920DEC2E5009F1424 /* Resources */ = {
			isa = PBXResourcesBuildPhase;
			buildActionMask = 2147483647;
			files = (
				9E7F80A321546757002EC5BB /* AddChannelVC.xib in Resources */,
				9E7F8098215425FA002EC5BB /* ProfileVC.xib in Resources */,
				9E3C22C920DEC2E7009F1424 /* LaunchScreen.storyboard in Resources */,
				9E3C22C620DEC2E7009F1424 /* Assets.xcassets in Resources */,
				9E3C22C420DEC2E5009F1424 /* Main.storyboard in Resources */,
			);
			runOnlyForDeploymentPostprocessing = 0;
		};
/* End PBXResourcesBuildPhase section */

/* Begin PBXShellScriptBuildPhase section */
		A9A602FC985658C37DC422E0 /* [CP] Check Pods Manifest.lock */ = {
			isa = PBXShellScriptBuildPhase;
			buildActionMask = 2147483647;
			files = (
			);
			inputPaths = (
				"${PODS_PODFILE_DIR_PATH}/Podfile.lock",
				"${PODS_ROOT}/Manifest.lock",
			);
			name = "[CP] Check Pods Manifest.lock";
			outputPaths = (
				"$(DERIVED_FILE_DIR)/Pods-Smack-checkManifestLockResult.txt",
			);
			runOnlyForDeploymentPostprocessing = 0;
			shellPath = /bin/sh;
			shellScript = "diff \"${PODS_PODFILE_DIR_PATH}/Podfile.lock\" \"${PODS_ROOT}/Manifest.lock\" > /dev/null\nif [ $? != 0 ] ; then\n    # print error to STDERR\n    echo \"error: The sandbox is not in sync with the Podfile.lock. Run 'pod install' or update your CocoaPods installation.\" >&2\n    exit 1\nfi\n# This output is used by Xcode 'outputs' to avoid re-running this script phase.\necho \"SUCCESS\" > \"${SCRIPT_OUTPUT_FILE_0}\"\n";
			showEnvVarsInLog = 0;
		};
		BC6EFEB9FD598EEB367AFAFE /* [CP] Embed Pods Frameworks */ = {
			isa = PBXShellScriptBuildPhase;
			buildActionMask = 2147483647;
			files = (
			);
			inputPaths = (
				"${SRCROOT}/Pods/Target Support Files/Pods-Smack/Pods-Smack-frameworks.sh",
				"${BUILT_PRODUCTS_DIR}/Alamofire/Alamofire.framework",
				"${BUILT_PRODUCTS_DIR}/Socket.IO-Client-Swift/SocketIO.framework",
				"${BUILT_PRODUCTS_DIR}/Starscream/Starscream.framework",
				"${BUILT_PRODUCTS_DIR}/SwiftyJSON/SwiftyJSON.framework",
			);
			name = "[CP] Embed Pods Frameworks";
			outputPaths = (
				"${TARGET_BUILD_DIR}/${FRAMEWORKS_FOLDER_PATH}/Alamofire.framework",
				"${TARGET_BUILD_DIR}/${FRAMEWORKS_FOLDER_PATH}/SocketIO.framework",
				"${TARGET_BUILD_DIR}/${FRAMEWORKS_FOLDER_PATH}/Starscream.framework",
				"${TARGET_BUILD_DIR}/${FRAMEWORKS_FOLDER_PATH}/SwiftyJSON.framework",
			);
			runOnlyForDeploymentPostprocessing = 0;
			shellPath = /bin/sh;
			shellScript = "\"${SRCROOT}/Pods/Target Support Files/Pods-Smack/Pods-Smack-frameworks.sh\"\n";
			showEnvVarsInLog = 0;
		};
/* End PBXShellScriptBuildPhase section */

/* Begin PBXSourcesBuildPhase section */
		9E3C22B720DEC2E5009F1424 /* Sources */ = {
			isa = PBXSourcesBuildPhase;
			buildActionMask = 2147483647;
			files = (
				9E7F8097215425FA002EC5BB /* ProfileVC.swift in Sources */,
				9E7F809F215461AA002EC5BB /* ChannelCell.swift in Sources */,
				9EFE957820E955BC00B5E8CB /* ChannelVC.swift in Sources */,
				9EAB994F2150643600061506 /* AvatarPickerVC.swift in Sources */,
				9EFE957420E9558F00B5E8CB /* ChatVC.swift in Sources */,
				9E7F809D21545490002EC5BB /* Channel.swift in Sources */,
				9E5AC02A2150755700920FC4 /* CircleImage.swift in Sources */,
				9E7F809B21545427002EC5BB /* MessageService.swift in Sources */,
				9E1F721920E97CDA00CCA6DD /* CreateAccountVC.swift in Sources */,
				9EAB994D2150529800061506 /* UserDataService.swift in Sources */,
				9E1F721720E97AF700CCA6DD /* LoginVC.swift in Sources */,
				9EFE957A20E95B4100B5E8CB /* GradientView.swift in Sources */,
				9E3C22BF20DEC2E5009F1424 /* AppDelegate.swift in Sources */,
				9E7F80A221546757002EC5BB /* AddChannelVC.swift in Sources */,
				9EAB994B214F917600061506 /* RoundedButton.swift in Sources */,
				9EAB99512150668C00061506 /* AvatarCell.swift in Sources */,
				9E3C22D420DF0E97009F1424 /* SWRevealViewController.m in Sources */,
				9E40D19E214E96A20076AE6A /* AuthService.swift in Sources */,
				9E1F721520E976BD00CCA6DD /* Constants.swift in Sources */,
			);
			runOnlyForDeploymentPostprocessing = 0;
		};
/* End PBXSourcesBuildPhase section */

/* Begin PBXVariantGroup section */
		9E3C22C220DEC2E5009F1424 /* Main.storyboard */ = {
			isa = PBXVariantGroup;
			children = (
				9E3C22C320DEC2E5009F1424 /* Base */,
			);
			name = Main.storyboard;
			sourceTree = "<group>";
		};
		9E3C22C720DEC2E7009F1424 /* LaunchScreen.storyboard */ = {
			isa = PBXVariantGroup;
			children = (
				9E3C22C820DEC2E7009F1424 /* Base */,
			);
			name = LaunchScreen.storyboard;
			sourceTree = "<group>";
		};
/* End PBXVariantGroup section */

/* Begin XCBuildConfiguration section */
		9E3C22CB20DEC2E7009F1424 /* Debug */ = {
			isa = XCBuildConfiguration;
			buildSettings = {
				ALWAYS_SEARCH_USER_PATHS = NO;
				CLANG_ANALYZER_NONNULL = YES;
				CLANG_ANALYZER_NUMBER_OBJECT_CONVERSION = YES_AGGRESSIVE;
				CLANG_CXX_LANGUAGE_STANDARD = "gnu++14";
				CLANG_CXX_LIBRARY = "libc++";
				CLANG_ENABLE_MODULES = YES;
				CLANG_ENABLE_OBJC_ARC = YES;
				CLANG_ENABLE_OBJC_WEAK = YES;
				CLANG_WARN_BLOCK_CAPTURE_AUTORELEASING = YES;
				CLANG_WARN_BOOL_CONVERSION = YES;
				CLANG_WARN_COMMA = YES;
				CLANG_WARN_CONSTANT_CONVERSION = YES;
				CLANG_WARN_DEPRECATED_OBJC_IMPLEMENTATIONS = YES;
				CLANG_WARN_DIRECT_OBJC_ISA_USAGE = YES_ERROR;
				CLANG_WARN_DOCUMENTATION_COMMENTS = YES;
				CLANG_WARN_EMPTY_BODY = YES;
				CLANG_WARN_ENUM_CONVERSION = YES;
				CLANG_WARN_INFINITE_RECURSION = YES;
				CLANG_WARN_INT_CONVERSION = YES;
				CLANG_WARN_NON_LITERAL_NULL_CONVERSION = YES;
				CLANG_WARN_OBJC_IMPLICIT_RETAIN_SELF = YES;
				CLANG_WARN_OBJC_LITERAL_CONVERSION = YES;
				CLANG_WARN_OBJC_ROOT_CLASS = YES_ERROR;
				CLANG_WARN_RANGE_LOOP_ANALYSIS = YES;
				CLANG_WARN_STRICT_PROTOTYPES = YES;
				CLANG_WARN_SUSPICIOUS_MOVE = YES;
				CLANG_WARN_UNGUARDED_AVAILABILITY = YES_AGGRESSIVE;
				CLANG_WARN_UNREACHABLE_CODE = YES;
				CLANG_WARN__DUPLICATE_METHOD_MATCH = YES;
				CODE_SIGN_IDENTITY = "iPhone Developer";
				COPY_PHASE_STRIP = NO;
				DEBUG_INFORMATION_FORMAT = dwarf;
				ENABLE_STRICT_OBJC_MSGSEND = YES;
				ENABLE_TESTABILITY = YES;
				GCC_C_LANGUAGE_STANDARD = gnu11;
				GCC_DYNAMIC_NO_PIC = NO;
				GCC_NO_COMMON_BLOCKS = YES;
				GCC_OPTIMIZATION_LEVEL = 0;
				GCC_PREPROCESSOR_DEFINITIONS = (
					"DEBUG=1",
					"$(inherited)",
				);
				GCC_WARN_64_TO_32_BIT_CONVERSION = YES;
				GCC_WARN_ABOUT_RETURN_TYPE = YES_ERROR;
				GCC_WARN_UNDECLARED_SELECTOR = YES;
				GCC_WARN_UNINITIALIZED_AUTOS = YES_AGGRESSIVE;
				GCC_WARN_UNUSED_FUNCTION = YES;
				GCC_WARN_UNUSED_VARIABLE = YES;
				IPHONEOS_DEPLOYMENT_TARGET = 11.4;
				MTL_ENABLE_DEBUG_INFO = YES;
				ONLY_ACTIVE_ARCH = YES;
				SDKROOT = iphoneos;
				SWIFT_ACTIVE_COMPILATION_CONDITIONS = DEBUG;
				SWIFT_OPTIMIZATION_LEVEL = "-Onone";
			};
			name = Debug;
		};
		9E3C22CC20DEC2E7009F1424 /* Release */ = {
			isa = XCBuildConfiguration;
			buildSettings = {
				ALWAYS_SEARCH_USER_PATHS = NO;
				CLANG_ANALYZER_NONNULL = YES;
				CLANG_ANALYZER_NUMBER_OBJECT_CONVERSION = YES_AGGRESSIVE;
				CLANG_CXX_LANGUAGE_STANDARD = "gnu++14";
				CLANG_CXX_LIBRARY = "libc++";
				CLANG_ENABLE_MODULES = YES;
				CLANG_ENABLE_OBJC_ARC = YES;
				CLANG_ENABLE_OBJC_WEAK = YES;
				CLANG_WARN_BLOCK_CAPTURE_AUTORELEASING = YES;
				CLANG_WARN_BOOL_CONVERSION = YES;
				CLANG_WARN_COMMA = YES;
				CLANG_WARN_CONSTANT_CONVERSION = YES;
				CLANG_WARN_DEPRECATED_OBJC_IMPLEMENTATIONS = YES;
				CLANG_WARN_DIRECT_OBJC_ISA_USAGE = YES_ERROR;
				CLANG_WARN_DOCUMENTATION_COMMENTS = YES;
				CLANG_WARN_EMPTY_BODY = YES;
				CLANG_WARN_ENUM_CONVERSION = YES;
				CLANG_WARN_INFINITE_RECURSION = YES;
				CLANG_WARN_INT_CONVERSION = YES;
				CLANG_WARN_NON_LITERAL_NULL_CONVERSION = YES;
				CLANG_WARN_OBJC_IMPLICIT_RETAIN_SELF = YES;
				CLANG_WARN_OBJC_LITERAL_CONVERSION = YES;
				CLANG_WARN_OBJC_ROOT_CLASS = YES_ERROR;
				CLANG_WARN_RANGE_LOOP_ANALYSIS = YES;
				CLANG_WARN_STRICT_PROTOTYPES = YES;
				CLANG_WARN_SUSPICIOUS_MOVE = YES;
				CLANG_WARN_UNGUARDED_AVAILABILITY = YES_AGGRESSIVE;
				CLANG_WARN_UNREACHABLE_CODE = YES;
				CLANG_WARN__DUPLICATE_METHOD_MATCH = YES;
				CODE_SIGN_IDENTITY = "iPhone Developer";
				COPY_PHASE_STRIP = NO;
				DEBUG_INFORMATION_FORMAT = "dwarf-with-dsym";
				ENABLE_NS_ASSERTIONS = NO;
				ENABLE_STRICT_OBJC_MSGSEND = YES;
				GCC_C_LANGUAGE_STANDARD = gnu11;
				GCC_NO_COMMON_BLOCKS = YES;
				GCC_WARN_64_TO_32_BIT_CONVERSION = YES;
				GCC_WARN_ABOUT_RETURN_TYPE = YES_ERROR;
				GCC_WARN_UNDECLARED_SELECTOR = YES;
				GCC_WARN_UNINITIALIZED_AUTOS = YES_AGGRESSIVE;
				GCC_WARN_UNUSED_FUNCTION = YES;
				GCC_WARN_UNUSED_VARIABLE = YES;
				IPHONEOS_DEPLOYMENT_TARGET = 11.4;
				MTL_ENABLE_DEBUG_INFO = NO;
				SDKROOT = iphoneos;
				SWIFT_COMPILATION_MODE = wholemodule;
				SWIFT_OPTIMIZATION_LEVEL = "-O";
				VALIDATE_PRODUCT = YES;
			};
			name = Release;
		};
		9E3C22CE20DEC2E7009F1424 /* Debug */ = {
			isa = XCBuildConfiguration;
			baseConfigurationReference = 90129EDE4FEC3C63BDBDDA52 /* Pods-Smack.debug.xcconfig */;
			buildSettings = {
				ASSETCATALOG_COMPILER_APPICON_NAME = AppIcon;
				CLANG_ENABLE_MODULES = YES;
				CODE_SIGN_STYLE = Automatic;
				DEVELOPMENT_TEAM = 68ACNX2N6K;
				INFOPLIST_FILE = Smack/Info.plist;
				LD_RUNPATH_SEARCH_PATHS = (
					"$(inherited)",
					"@executable_path/Frameworks",
				);
				PRODUCT_BUNDLE_IDENTIFIER = vlad.tsvetkov.Smack;
				PRODUCT_NAME = "$(TARGET_NAME)";
				SWIFT_OBJC_BRIDGING_HEADER = "Smack/Supporting Files/Smack-Bridging-Header.h";
				SWIFT_OPTIMIZATION_LEVEL = "-Onone";
				SWIFT_VERSION = 4.0;
				TARGETED_DEVICE_FAMILY = "1,2";
			};
			name = Debug;
		};
		9E3C22CF20DEC2E7009F1424 /* Release */ = {
			isa = XCBuildConfiguration;
			baseConfigurationReference = 03A0CB6A8C230A494EF0A6FF /* Pods-Smack.release.xcconfig */;
			buildSettings = {
				ASSETCATALOG_COMPILER_APPICON_NAME = AppIcon;
				CLANG_ENABLE_MODULES = YES;
				CODE_SIGN_STYLE = Automatic;
				DEVELOPMENT_TEAM = 68ACNX2N6K;
				INFOPLIST_FILE = Smack/Info.plist;
				LD_RUNPATH_SEARCH_PATHS = (
					"$(inherited)",
					"@executable_path/Frameworks",
				);
				PRODUCT_BUNDLE_IDENTIFIER = vlad.tsvetkov.Smack;
				PRODUCT_NAME = "$(TARGET_NAME)";
				SWIFT_OBJC_BRIDGING_HEADER = "Smack/Supporting Files/Smack-Bridging-Header.h";
				SWIFT_VERSION = 4.0;
				TARGETED_DEVICE_FAMILY = "1,2";
			};
			name = Release;
		};
/* End XCBuildConfiguration section */

/* Begin XCConfigurationList section */
		9E3C22B620DEC2E5009F1424 /* Build configuration list for PBXProject "Smack" */ = {
			isa = XCConfigurationList;
			buildConfigurations = (
				9E3C22CB20DEC2E7009F1424 /* Debug */,
				9E3C22CC20DEC2E7009F1424 /* Release */,
			);
			defaultConfigurationIsVisible = 0;
			defaultConfigurationName = Release;
		};
		9E3C22CD20DEC2E7009F1424 /* Build configuration list for PBXNativeTarget "Smack" */ = {
			isa = XCConfigurationList;
			buildConfigurations = (
				9E3C22CE20DEC2E7009F1424 /* Debug */,
				9E3C22CF20DEC2E7009F1424 /* Release */,
			);
			defaultConfigurationIsVisible = 0;
			defaultConfigurationName = Release;
		};
/* End XCConfigurationList section */
	};
	rootObject = 9E3C22B320DEC2E5009F1424 /* Project object */;
}
